Microsoft Visual Studio Solution File, Format Version 12.00
# Visual Studio Version 17
VisualStudioVersion = 17.5.2.0
MinimumVisualStudioVersion = 10.0.40219.1
Project("{FAE04EC0-301F-11D3-BF4B-00C04F79EFBC}") = "QuizApp", "Backend\QuizApp.csproj", "{80DAE592-DA70-E6F5-C4B9-248370DA1D13}"
EndProject
Global
	GlobalSection(SolutionConfigurationPlatforms) = preSolution
		Debug|Any CPU = Debug|Any CPU
		Release|Any CPU = Release|Any CPU
	EndGlobalSection
	GlobalSection(ProjectConfigurationPlatforms) = postSolution
		{80DAE592-DA70-E6F5-C4B9-248370DA1D13}.Debug|Any CPU.ActiveCfg = Debug|Any CPU
		{80DAE592-DA70-E6F5-C4B9-248370DA1D13}.Debug|Any CPU.Build.0 = Debug|Any CPU
		{80DAE592-DA70-E6F5-C4B9-248370DA1D13}.Release|Any CPU.ActiveCfg = Release|Any CPU
		{80DAE592-DA70-E6F5-C4B9-248370DA1D13}.Release|Any CPU.Build.0 = Release|Any CPU
	EndGlobalSection
	GlobalSection(SolutionProperties) = preSolution
		HideSolutionNode = FALSE
	EndGlobalSection
	GlobalSection(ExtensibilityGlobals) = postSolution
		SolutionGuid = {8B8FC627-14AB-458F-AC97-2E03E20FD739}
	EndGlobalSection
EndGlobal
